// !$*UTF8*$!
{
	archiveVersion = 1;
	classes = {
	};
	objectVersion = 56;
	objects = {

/* Begin PBXBuildFile section */
		5308DF3C29742B7000AB9D4A /* CLLocationCoordinate2D+Extension.swift in Sources */ = {isa = PBXBuildFile; fileRef = 5308DF3B29742B6F00AB9D4A /* CLLocationCoordinate2D+Extension.swift */; };
		5308DF3E29742CE400AB9D4A /* GeoPoint+Extensions.swift in Sources */ = {isa = PBXBuildFile; fileRef = 5308DF3D29742CE400AB9D4A /* GeoPoint+Extensions.swift */; };
		531CCF6A29698F97005920B4 /* RestaurantCardView.swift in Sources */ = {isa = PBXBuildFile; fileRef = 531CCF6929698F97005920B4 /* RestaurantCardView.swift */; };
		533098AC2927B6EB007C441D /* SignInTextFieldModifier.swift in Sources */ = {isa = PBXBuildFile; fileRef = 533098AB2927B6EB007C441D /* SignInTextFieldModifier.swift */; };
		533374B62965B11B001850B8 /* MapViewModel.swift in Sources */ = {isa = PBXBuildFile; fileRef = 533374B52965B11B001850B8 /* MapViewModel.swift */; };
		5337F1EE292ACCEE00C3A766 /* SecureInputView.swift in Sources */ = {isa = PBXBuildFile; fileRef = 5337F1ED292ACCEE00C3A766 /* SecureInputView.swift */; };
		535195D0293C9C6600A44820 /* SignInViewModel.swift in Sources */ = {isa = PBXBuildFile; fileRef = 535195CF293C9C6500A44820 /* SignInViewModel.swift */; };
		535195D3293CA0DB00A44820 /* FirebaseEmailAuth.swift in Sources */ = {isa = PBXBuildFile; fileRef = 535195D2293CA0DB00A44820 /* FirebaseEmailAuth.swift */; };
		535195E4293CCA2900A44820 /* UserProfileViewModel.swift in Sources */ = {isa = PBXBuildFile; fileRef = 535195E3293CCA2900A44820 /* UserProfileViewModel.swift */; };
		535195E6293CCCDA00A44820 /* View+Extensions.swift in Sources */ = {isa = PBXBuildFile; fileRef = 535195E5293CCCDA00A44820 /* View+Extensions.swift */; };
		5358FDC32972E0BF00F75614 /* LoginManager.swift in Sources */ = {isa = PBXBuildFile; fileRef = 5358FDC22972E0BF00F75614 /* LoginManager.swift */; };
		5358FDC52972EE8800F75614 /* LoginStateView.swift in Sources */ = {isa = PBXBuildFile; fileRef = 5358FDC42972EE8800F75614 /* LoginStateView.swift */; };
		5379FB0E296AB87C00A1A870 /* RestaurantsListViewModel.swift in Sources */ = {isa = PBXBuildFile; fileRef = 5379FB0D296AB87C00A1A870 /* RestaurantsListViewModel.swift */; };
		537A1B19294658E000979FCA /* Restaurant.swift in Sources */ = {isa = PBXBuildFile; fileRef = 537A1B18294658E000979FCA /* Restaurant.swift */; };
		537E800D2945F3C700A02B04 /* SignUpViewModel.swift in Sources */ = {isa = PBXBuildFile; fileRef = 537E800C2945F3C700A02B04 /* SignUpViewModel.swift */; };
		5387897D2962F2DD00F42F9A /* Localizable.strings in Resources */ = {isa = PBXBuildFile; fileRef = 5387897F2962F2DD00F42F9A /* Localizable.strings */; };
		538789822963019600F42F9A /* LocalizedStringKey+String.swift in Sources */ = {isa = PBXBuildFile; fileRef = 538789812963019600F42F9A /* LocalizedStringKey+String.swift */; };
		5387CFDA29252BD60010344B /* Color+CusomColors.swift in Sources */ = {isa = PBXBuildFile; fileRef = 5387CFD929252BD60010344B /* Color+CusomColors.swift */; };
		538994862920F89700C370BF /* QuickPlateApp.swift in Sources */ = {isa = PBXBuildFile; fileRef = 538994852920F89700C370BF /* QuickPlateApp.swift */; };
		538994882920F89700C370BF /* SignInView.swift in Sources */ = {isa = PBXBuildFile; fileRef = 538994872920F89700C370BF /* SignInView.swift */; };
		5389948A2920F89800C370BF /* Assets.xcassets in Resources */ = {isa = PBXBuildFile; fileRef = 538994892920F89800C370BF /* Assets.xcassets */; };
		5389948D2920F89800C370BF /* Preview Assets.xcassets in Resources */ = {isa = PBXBuildFile; fileRef = 5389948C2920F89800C370BF /* Preview Assets.xcassets */; };
		538994952920FF3C00C370BF /* SpashScreenView.swift in Sources */ = {isa = PBXBuildFile; fileRef = 538994942920FF3C00C370BF /* SpashScreenView.swift */; };
		5391C8322974736D00269A97 /* RestaurantDetailsView.swift in Sources */ = {isa = PBXBuildFile; fileRef = 5391C8312974736D00269A97 /* RestaurantDetailsView.swift */; };
		539FDE8A29262B0A0034C036 /* SignUpView.swift in Sources */ = {isa = PBXBuildFile; fileRef = 539FDE8929262B0A0034C036 /* SignUpView.swift */; };
		53A2C3E9293BE13D00CD6FC3 /* GoogleService-Info.plist in Resources */ = {isa = PBXBuildFile; fileRef = 53A2C3E8293BE13D00CD6FC3 /* GoogleService-Info.plist */; };
		53A2C3EC293BE3D200CD6FC3 /* FirebaseAnalytics in Frameworks */ = {isa = PBXBuildFile; productRef = 53A2C3EB293BE3D200CD6FC3 /* FirebaseAnalytics */; };
		53A2C3EE293BE3D200CD6FC3 /* FirebaseAnalyticsWithoutAdIdSupport in Frameworks */ = {isa = PBXBuildFile; productRef = 53A2C3ED293BE3D200CD6FC3 /* FirebaseAnalyticsWithoutAdIdSupport */; };
		53A2C3F0293BE3D200CD6FC3 /* FirebaseAuth in Frameworks */ = {isa = PBXBuildFile; productRef = 53A2C3EF293BE3D200CD6FC3 /* FirebaseAuth */; };
		53A2C3F2293BE3D200CD6FC3 /* FirebaseAuthCombine-Community in Frameworks */ = {isa = PBXBuildFile; productRef = 53A2C3F1293BE3D200CD6FC3 /* FirebaseAuthCombine-Community */; };
		53A2C3F4293BE3D200CD6FC3 /* FirebaseDatabase in Frameworks */ = {isa = PBXBuildFile; productRef = 53A2C3F3293BE3D200CD6FC3 /* FirebaseDatabase */; };
		53A2C3F6293BE3D200CD6FC3 /* FirebaseDatabaseSwift in Frameworks */ = {isa = PBXBuildFile; productRef = 53A2C3F5293BE3D200CD6FC3 /* FirebaseDatabaseSwift */; };
		53A2C3F8293BE3D200CD6FC3 /* FirebaseFirestore in Frameworks */ = {isa = PBXBuildFile; productRef = 53A2C3F7293BE3D200CD6FC3 /* FirebaseFirestore */; };
		53A2C3FA293BE3D200CD6FC3 /* FirebaseFirestoreCombine-Community in Frameworks */ = {isa = PBXBuildFile; productRef = 53A2C3F9293BE3D200CD6FC3 /* FirebaseFirestoreCombine-Community */; };
		53A2C3FC293BE3D200CD6FC3 /* FirebaseFirestoreSwift in Frameworks */ = {isa = PBXBuildFile; productRef = 53A2C3FB293BE3D200CD6FC3 /* FirebaseFirestoreSwift */; };
		53A2C3FE293BE3D200CD6FC3 /* FirebaseFunctions in Frameworks */ = {isa = PBXBuildFile; productRef = 53A2C3FD293BE3D200CD6FC3 /* FirebaseFunctions */; };
		53A2C400293BE3D200CD6FC3 /* FirebaseFunctionsCombine-Community in Frameworks */ = {isa = PBXBuildFile; productRef = 53A2C3FF293BE3D200CD6FC3 /* FirebaseFunctionsCombine-Community */; };
		53A2C402293BE3D200CD6FC3 /* FirebaseInstallations in Frameworks */ = {isa = PBXBuildFile; productRef = 53A2C401293BE3D200CD6FC3 /* FirebaseInstallations */; };
		53A2C404293BE3D200CD6FC3 /* FirebaseStorage in Frameworks */ = {isa = PBXBuildFile; productRef = 53A2C403293BE3D200CD6FC3 /* FirebaseStorage */; };
		53A2C406293BE3D200CD6FC3 /* FirebaseStorageCombine-Community in Frameworks */ = {isa = PBXBuildFile; productRef = 53A2C405293BE3D200CD6FC3 /* FirebaseStorageCombine-Community */; };
		53A5E8D4294606F400DBFAFE /* MyUser.swift in Sources */ = {isa = PBXBuildFile; fileRef = 53A5E8D3294606F400DBFAFE /* MyUser.swift */; };
		53A5E8DB29461B2000DBFAFE /* FSUserColl.swift in Sources */ = {isa = PBXBuildFile; fileRef = 53A5E8DA29461B2000DBFAFE /* FSUserColl.swift */; };
		53E19D6A2934042C00A79735 /* LocationManager.swift in Sources */ = {isa = PBXBuildFile; fileRef = 53E19D692934042C00A79735 /* LocationManager.swift */; };
		53E2FD1E292B75A900D63069 /* MapView.swift in Sources */ = {isa = PBXBuildFile; fileRef = 53E2FD1D292B75A900D63069 /* MapView.swift */; };
		53E2FD20292B75C600D63069 /* QPTabView.swift in Sources */ = {isa = PBXBuildFile; fileRef = 53E2FD1F292B75C600D63069 /* QPTabView.swift */; };
		53E2FD25292B772400D63069 /* RestaurantsListView.swift in Sources */ = {isa = PBXBuildFile; fileRef = 53E2FD24292B772400D63069 /* RestaurantsListView.swift */; };
		53E2FD27292B773F00D63069 /* UserProfileView.swift in Sources */ = {isa = PBXBuildFile; fileRef = 53E2FD26292B773F00D63069 /* UserProfileView.swift */; };
		D40F845E29AFB40F00B14911 /* Food.swift in Sources */ = {isa = PBXBuildFile; fileRef = D40F845D29AFB40F00B14911 /* Food.swift */; };
		D40F846329AFBF3700B14911 /* RestaurantDetailsViewModel.swift in Sources */ = {isa = PBXBuildFile; fileRef = D40F846229AFBF3700B14911 /* RestaurantDetailsViewModel.swift */; };
		D40F846529AFC88700B14911 /* NavigationUtil.swift in Sources */ = {isa = PBXBuildFile; fileRef = D40F846429AFC88700B14911 /* NavigationUtil.swift */; };
		D45B008329B6738300739976 /* FSFoodsColl.swift in Sources */ = {isa = PBXBuildFile; fileRef = D45B008229B6738300739976 /* FSFoodsColl.swift */; };
		D46F98F729B65FD600960B1E /* FSTableColl.swift in Sources */ = {isa = PBXBuildFile; fileRef = D46F98F629B65FD600960B1E /* FSTableColl.swift */; };
		D46F98F929B65FE300960B1E /* FSResColl.swift in Sources */ = {isa = PBXBuildFile; fileRef = D46F98F829B65FE300960B1E /* FSResColl.swift */; };
		D46F98FB29B661C700960B1E /* FSCollNames.swift in Sources */ = {isa = PBXBuildFile; fileRef = D46F98FA29B661C700960B1E /* FSCollNames.swift */; };
		D4ADEC9129B109FE00261C10 /* TablesView.swift in Sources */ = {isa = PBXBuildFile; fileRef = D4ADEC9029B109FE00261C10 /* TablesView.swift */; };
		D4ADEC9329B10FC500261C10 /* TablesViewViewModel.swift in Sources */ = {isa = PBXBuildFile; fileRef = D4ADEC9229B10FC500261C10 /* TablesViewViewModel.swift */; };
		D4ADEC9529B10FED00261C10 /* Table.swift in Sources */ = {isa = PBXBuildFile; fileRef = D4ADEC9429B10FED00261C10 /* Table.swift */; };
		D4BC837A29B3C02A0079CC20 /* BookedTableViewModel.swift in Sources */ = {isa = PBXBuildFile; fileRef = D4BC837929B3C02A0079CC20 /* BookedTableViewModel.swift */; };
		D4F4C1B129B39540001289A2 /* BookedTableView.swift in Sources */ = {isa = PBXBuildFile; fileRef = D4F4C1B029B39540001289A2 /* BookedTableView.swift */; };
/* End PBXBuildFile section */

/* Begin PBXFileReference section */
		5308DF3B29742B6F00AB9D4A /* CLLocationCoordinate2D+Extension.swift */ = {isa = PBXFileReference; lastKnownFileType = sourcecode.swift; path = "CLLocationCoordinate2D+Extension.swift"; sourceTree = "<group>"; };
		5308DF3D29742CE400AB9D4A /* GeoPoint+Extensions.swift */ = {isa = PBXFileReference; lastKnownFileType = sourcecode.swift; path = "GeoPoint+Extensions.swift"; sourceTree = "<group>"; };
		531CCF6929698F97005920B4 /* RestaurantCardView.swift */ = {isa = PBXFileReference; lastKnownFileType = sourcecode.swift; path = RestaurantCardView.swift; sourceTree = "<group>"; };
		533098AB2927B6EB007C441D /* SignInTextFieldModifier.swift */ = {isa = PBXFileReference; lastKnownFileType = sourcecode.swift; path = SignInTextFieldModifier.swift; sourceTree = "<group>"; };
		533374B52965B11B001850B8 /* MapViewModel.swift */ = {isa = PBXFileReference; lastKnownFileType = sourcecode.swift; path = MapViewModel.swift; sourceTree = "<group>"; };
		5337F1ED292ACCEE00C3A766 /* SecureInputView.swift */ = {isa = PBXFileReference; lastKnownFileType = sourcecode.swift; path = SecureInputView.swift; sourceTree = "<group>"; };
		535195CF293C9C6500A44820 /* SignInViewModel.swift */ = {isa = PBXFileReference; lastKnownFileType = sourcecode.swift; path = SignInViewModel.swift; sourceTree = "<group>"; };
		535195D2293CA0DB00A44820 /* FirebaseEmailAuth.swift */ = {isa = PBXFileReference; lastKnownFileType = sourcecode.swift; path = FirebaseEmailAuth.swift; sourceTree = "<group>"; };
		535195E3293CCA2900A44820 /* UserProfileViewModel.swift */ = {isa = PBXFileReference; lastKnownFileType = sourcecode.swift; path = UserProfileViewModel.swift; sourceTree = "<group>"; };
		535195E5293CCCDA00A44820 /* View+Extensions.swift */ = {isa = PBXFileReference; lastKnownFileType = sourcecode.swift; path = "View+Extensions.swift"; sourceTree = "<group>"; };
		5358FDC22972E0BF00F75614 /* LoginManager.swift */ = {isa = PBXFileReference; lastKnownFileType = sourcecode.swift; path = LoginManager.swift; sourceTree = "<group>"; };
		5358FDC42972EE8800F75614 /* LoginStateView.swift */ = {isa = PBXFileReference; lastKnownFileType = sourcecode.swift; path = LoginStateView.swift; sourceTree = "<group>"; };
		5379FB0D296AB87C00A1A870 /* RestaurantsListViewModel.swift */ = {isa = PBXFileReference; lastKnownFileType = sourcecode.swift; path = RestaurantsListViewModel.swift; sourceTree = "<group>"; };
		537A1B18294658E000979FCA /* Restaurant.swift */ = {isa = PBXFileReference; lastKnownFileType = sourcecode.swift; path = Restaurant.swift; sourceTree = "<group>"; };
		537E800C2945F3C700A02B04 /* SignUpViewModel.swift */ = {isa = PBXFileReference; lastKnownFileType = sourcecode.swift; path = SignUpViewModel.swift; sourceTree = "<group>"; };
		537F6A16292582E2001CF422 /* Info.plist */ = {isa = PBXFileReference; lastKnownFileType = text.plist; path = Info.plist; sourceTree = "<group>"; };
		5387897E2962F2DD00F42F9A /* en */ = {isa = PBXFileReference; lastKnownFileType = text.plist.strings; name = en; path = en.lproj/Localizable.strings; sourceTree = "<group>"; };
		538789802962F2E700F42F9A /* ro */ = {isa = PBXFileReference; lastKnownFileType = text.plist.strings; name = ro; path = ro.lproj/Localizable.strings; sourceTree = "<group>"; };
		538789812963019600F42F9A /* LocalizedStringKey+String.swift */ = {isa = PBXFileReference; lastKnownFileType = sourcecode.swift; path = "LocalizedStringKey+String.swift"; sourceTree = "<group>"; };
		5387CFD929252BD60010344B /* Color+CusomColors.swift */ = {isa = PBXFileReference; lastKnownFileType = sourcecode.swift; path = "Color+CusomColors.swift"; sourceTree = "<group>"; };
		538994822920F89700C370BF /* QuickPlate.app */ = {isa = PBXFileReference; explicitFileType = wrapper.application; includeInIndex = 0; path = QuickPlate.app; sourceTree = BUILT_PRODUCTS_DIR; };
		538994852920F89700C370BF /* QuickPlateApp.swift */ = {isa = PBXFileReference; lastKnownFileType = sourcecode.swift; path = QuickPlateApp.swift; sourceTree = "<group>"; };
		538994872920F89700C370BF /* SignInView.swift */ = {isa = PBXFileReference; lastKnownFileType = sourcecode.swift; path = SignInView.swift; sourceTree = "<group>"; };
		538994892920F89800C370BF /* Assets.xcassets */ = {isa = PBXFileReference; lastKnownFileType = folder.assetcatalog; path = Assets.xcassets; sourceTree = "<group>"; };
		5389948C2920F89800C370BF /* Preview Assets.xcassets */ = {isa = PBXFileReference; lastKnownFileType = folder.assetcatalog; path = "Preview Assets.xcassets"; sourceTree = "<group>"; };
		538994942920FF3C00C370BF /* SpashScreenView.swift */ = {isa = PBXFileReference; lastKnownFileType = sourcecode.swift; path = SpashScreenView.swift; sourceTree = "<group>"; };
		5391C8312974736D00269A97 /* RestaurantDetailsView.swift */ = {isa = PBXFileReference; lastKnownFileType = sourcecode.swift; path = RestaurantDetailsView.swift; sourceTree = "<group>"; };
		539FDE8929262B0A0034C036 /* SignUpView.swift */ = {isa = PBXFileReference; lastKnownFileType = sourcecode.swift; path = SignUpView.swift; sourceTree = "<group>"; };
		53A2C3E8293BE13D00CD6FC3 /* GoogleService-Info.plist */ = {isa = PBXFileReference; fileEncoding = 4; lastKnownFileType = text.plist.xml; path = "GoogleService-Info.plist"; sourceTree = "<group>"; };
		53A5E8D3294606F400DBFAFE /* MyUser.swift */ = {isa = PBXFileReference; lastKnownFileType = sourcecode.swift; path = MyUser.swift; sourceTree = "<group>"; };
		53A5E8DA29461B2000DBFAFE /* FSUserColl.swift */ = {isa = PBXFileReference; lastKnownFileType = sourcecode.swift; path = FSUserColl.swift; sourceTree = "<group>"; };
		53E19D692934042C00A79735 /* LocationManager.swift */ = {isa = PBXFileReference; lastKnownFileType = sourcecode.swift; path = LocationManager.swift; sourceTree = "<group>"; };
		53E2FD1D292B75A900D63069 /* MapView.swift */ = {isa = PBXFileReference; lastKnownFileType = sourcecode.swift; path = MapView.swift; sourceTree = "<group>"; };
		53E2FD1F292B75C600D63069 /* QPTabView.swift */ = {isa = PBXFileReference; lastKnownFileType = sourcecode.swift; path = QPTabView.swift; sourceTree = "<group>"; };
		53E2FD24292B772400D63069 /* RestaurantsListView.swift */ = {isa = PBXFileReference; lastKnownFileType = sourcecode.swift; path = RestaurantsListView.swift; sourceTree = "<group>"; };
		53E2FD26292B773F00D63069 /* UserProfileView.swift */ = {isa = PBXFileReference; lastKnownFileType = sourcecode.swift; path = UserProfileView.swift; sourceTree = "<group>"; };
		D40F845D29AFB40F00B14911 /* Food.swift */ = {isa = PBXFileReference; lastKnownFileType = sourcecode.swift; path = Food.swift; sourceTree = "<group>"; };
		D40F846229AFBF3700B14911 /* RestaurantDetailsViewModel.swift */ = {isa = PBXFileReference; lastKnownFileType = sourcecode.swift; path = RestaurantDetailsViewModel.swift; sourceTree = "<group>"; };
		D40F846429AFC88700B14911 /* NavigationUtil.swift */ = {isa = PBXFileReference; lastKnownFileType = sourcecode.swift; path = NavigationUtil.swift; sourceTree = "<group>"; };
		D45B008229B6738300739976 /* FSFoodsColl.swift */ = {isa = PBXFileReference; lastKnownFileType = sourcecode.swift; path = FSFoodsColl.swift; sourceTree = "<group>"; };
		D46F98F629B65FD600960B1E /* FSTableColl.swift */ = {isa = PBXFileReference; lastKnownFileType = sourcecode.swift; path = FSTableColl.swift; sourceTree = "<group>"; };
		D46F98F829B65FE300960B1E /* FSResColl.swift */ = {isa = PBXFileReference; lastKnownFileType = sourcecode.swift; path = FSResColl.swift; sourceTree = "<group>"; };
		D46F98FA29B661C700960B1E /* FSCollNames.swift */ = {isa = PBXFileReference; lastKnownFileType = sourcecode.swift; path = FSCollNames.swift; sourceTree = "<group>"; };
		D4ADEC9029B109FE00261C10 /* TablesView.swift */ = {isa = PBXFileReference; lastKnownFileType = sourcecode.swift; path = TablesView.swift; sourceTree = "<group>"; };
		D4ADEC9229B10FC500261C10 /* TablesViewViewModel.swift */ = {isa = PBXFileReference; lastKnownFileType = sourcecode.swift; path = TablesViewViewModel.swift; sourceTree = "<group>"; };
		D4ADEC9429B10FED00261C10 /* Table.swift */ = {isa = PBXFileReference; lastKnownFileType = sourcecode.swift; path = Table.swift; sourceTree = "<group>"; };
		D4BC837929B3C02A0079CC20 /* BookedTableViewModel.swift */ = {isa = PBXFileReference; lastKnownFileType = sourcecode.swift; path = BookedTableViewModel.swift; sourceTree = "<group>"; };
		D4F4C1B029B39540001289A2 /* BookedTableView.swift */ = {isa = PBXFileReference; lastKnownFileType = sourcecode.swift; path = BookedTableView.swift; sourceTree = "<group>"; };
/* End PBXFileReference section */

/* Begin PBXFrameworksBuildPhase section */
		5389947F2920F89700C370BF /* Frameworks */ = {
			isa = PBXFrameworksBuildPhase;
			buildActionMask = 2147483647;
			files = (
				53A2C3F6293BE3D200CD6FC3 /* FirebaseDatabaseSwift in Frameworks */,
				53A2C3FA293BE3D200CD6FC3 /* FirebaseFirestoreCombine-Community in Frameworks */,
				53A2C3F4293BE3D200CD6FC3 /* FirebaseDatabase in Frameworks */,
				53A2C402293BE3D200CD6FC3 /* FirebaseInstallations in Frameworks */,
				53A2C3EC293BE3D200CD6FC3 /* FirebaseAnalytics in Frameworks */,
				53A2C3F0293BE3D200CD6FC3 /* FirebaseAuth in Frameworks */,
				53A2C3EE293BE3D200CD6FC3 /* FirebaseAnalyticsWithoutAdIdSupport in Frameworks */,
				53A2C3F2293BE3D200CD6FC3 /* FirebaseAuthCombine-Community in Frameworks */,
				53A2C406293BE3D200CD6FC3 /* FirebaseStorageCombine-Community in Frameworks */,
				53A2C404293BE3D200CD6FC3 /* FirebaseStorage in Frameworks */,
				53A2C3FE293BE3D200CD6FC3 /* FirebaseFunctions in Frameworks */,
				53A2C3F8293BE3D200CD6FC3 /* FirebaseFirestore in Frameworks */,
				53A2C400293BE3D200CD6FC3 /* FirebaseFunctionsCombine-Community in Frameworks */,
				53A2C3FC293BE3D200CD6FC3 /* FirebaseFirestoreSwift in Frameworks */,
			);
			runOnlyForDeploymentPostprocessing = 0;
		};
/* End PBXFrameworksBuildPhase section */

/* Begin PBXGroup section */
		533098A92927B66A007C441D /* Extras */ = {
			isa = PBXGroup;
			children = (
				D40F846429AFC88700B14911 /* NavigationUtil.swift */,
				D46F98FA29B661C700960B1E /* FSCollNames.swift */,
				53A5E8DC29461D2E00DBFAFE /* FirestoreOp */,
				53A5E8D2294606E600DBFAFE /* Models */,
				5387CFDB29252DA70010344B /* Extensions */,
			);
			path = Extras;
			sourceTree = "<group>";
		};
		535195D4293CA7B500A44820 /* Features */ = {
			isa = PBXGroup;
			children = (
				538994932920FF2E00C370BF /* SplashScreen */,
				539FDE8B29262B140034C036 /* SignIn */,
				539FDE8629262AE90034C036 /* SignUp */,
				53E2FD19292B755900D63069 /* TabView */,
				53E2FD1B292B759300D63069 /* Map */,
				53E2FD21292B76E200D63069 /* Restaurants */,
				D40F846029AFBEED00B14911 /* RestaurantDetails */,
				D4ADEC8F29B109E900261C10 /* TablesList */,
				53E2FD22292B76FC00D63069 /* UserProfile */,
			);
			path = Features;
			sourceTree = "<group>";
		};
		535195E2293CC18F00A44820 /* LoginStates */ = {
			isa = PBXGroup;
			children = (
				5358FDC22972E0BF00F75614 /* LoginManager.swift */,
				5358FDC42972EE8800F75614 /* LoginStateView.swift */,
			);
			path = LoginStates;
			sourceTree = "<group>";
		};
		5387CFDB29252DA70010344B /* Extensions */ = {
			isa = PBXGroup;
			children = (
				5387CFD929252BD60010344B /* Color+CusomColors.swift */,
				535195E5293CCCDA00A44820 /* View+Extensions.swift */,
				538789812963019600F42F9A /* LocalizedStringKey+String.swift */,
				5308DF3B29742B6F00AB9D4A /* CLLocationCoordinate2D+Extension.swift */,
				5308DF3D29742CE400AB9D4A /* GeoPoint+Extensions.swift */,
			);
			path = Extensions;
			sourceTree = "<group>";
		};
		538994792920F89700C370BF = {
			isa = PBXGroup;
			children = (
				538994842920F89700C370BF /* QuickPlate */,
				538994832920F89700C370BF /* Products */,
			);
			sourceTree = "<group>";
		};
		538994832920F89700C370BF /* Products */ = {
			isa = PBXGroup;
			children = (
				538994822920F89700C370BF /* QuickPlate.app */,
			);
			name = Products;
			sourceTree = "<group>";
		};
		538994842920F89700C370BF /* QuickPlate */ = {
			isa = PBXGroup;
			children = (
				535195E2293CC18F00A44820 /* LoginStates */,
				535195D4293CA7B500A44820 /* Features */,
				533098A92927B66A007C441D /* Extras */,
				538994852920F89700C370BF /* QuickPlateApp.swift */,
				538994892920F89800C370BF /* Assets.xcassets */,
				537F6A16292582E2001CF422 /* Info.plist */,
				53A2C3E8293BE13D00CD6FC3 /* GoogleService-Info.plist */,
				5389948B2920F89800C370BF /* Preview Content */,
				5387897F2962F2DD00F42F9A /* Localizable.strings */,
			);
			path = QuickPlate;
			sourceTree = "<group>";
		};
		5389948B2920F89800C370BF /* Preview Content */ = {
			isa = PBXGroup;
			children = (
				5389948C2920F89800C370BF /* Preview Assets.xcassets */,
			);
			path = "Preview Content";
			sourceTree = "<group>";
		};
		538994932920FF2E00C370BF /* SplashScreen */ = {
			isa = PBXGroup;
			children = (
				538994942920FF3C00C370BF /* SpashScreenView.swift */,
			);
			path = SplashScreen;
			sourceTree = "<group>";
		};
		5391C8302974719900269A97 /* Custom Views + Modifiers */ = {
			isa = PBXGroup;
			children = (
				5337F1ED292ACCEE00C3A766 /* SecureInputView.swift */,
				533098AB2927B6EB007C441D /* SignInTextFieldModifier.swift */,
			);
			path = "Custom Views + Modifiers";
			sourceTree = "<group>";
		};
		539FDE8629262AE90034C036 /* SignUp */ = {
			isa = PBXGroup;
			children = (
				537E800C2945F3C700A02B04 /* SignUpViewModel.swift */,
				539FDE8929262B0A0034C036 /* SignUpView.swift */,
			);
			path = SignUp;
			sourceTree = "<group>";
		};
		539FDE8B29262B140034C036 /* SignIn */ = {
			isa = PBXGroup;
			children = (
				5391C8302974719900269A97 /* Custom Views + Modifiers */,
				538994872920F89700C370BF /* SignInView.swift */,
				535195CF293C9C6500A44820 /* SignInViewModel.swift */,
			);
			path = SignIn;
			sourceTree = "<group>";
		};
		53A5E8D2294606E600DBFAFE /* Models */ = {
			isa = PBXGroup;
			children = (
				53A5E8D3294606F400DBFAFE /* MyUser.swift */,
				537A1B18294658E000979FCA /* Restaurant.swift */,
				D40F845D29AFB40F00B14911 /* Food.swift */,
				D4ADEC9429B10FED00261C10 /* Table.swift */,
			);
			path = Models;
			sourceTree = "<group>";
		};
		53A5E8DC29461D2E00DBFAFE /* FirestoreOp */ = {
			isa = PBXGroup;
			children = (
				535195D2293CA0DB00A44820 /* FirebaseEmailAuth.swift */,
				53A5E8DA29461B2000DBFAFE /* FSUserColl.swift */,
				D46F98F629B65FD600960B1E /* FSTableColl.swift */,
				D46F98F829B65FE300960B1E /* FSResColl.swift */,
				D45B008229B6738300739976 /* FSFoodsColl.swift */,
			);
			path = FirestoreOp;
			sourceTree = "<group>";
		};
		53E2FD19292B755900D63069 /* TabView */ = {
			isa = PBXGroup;
			children = (
				53E2FD1F292B75C600D63069 /* QPTabView.swift */,
			);
			path = TabView;
			sourceTree = "<group>";
		};
		53E2FD1B292B759300D63069 /* Map */ = {
			isa = PBXGroup;
			children = (
				53E2FD1D292B75A900D63069 /* MapView.swift */,
				53E19D692934042C00A79735 /* LocationManager.swift */,
				533374B52965B11B001850B8 /* MapViewModel.swift */,
			);
			path = Map;
			sourceTree = "<group>";
		};
		53E2FD21292B76E200D63069 /* Restaurants */ = {
			isa = PBXGroup;
			children = (
				531CCF6929698F97005920B4 /* RestaurantCardView.swift */,
				53E2FD24292B772400D63069 /* RestaurantsListView.swift */,
				5379FB0D296AB87C00A1A870 /* RestaurantsListViewModel.swift */,
			);
			path = Restaurants;
			sourceTree = "<group>";
		};
		53E2FD22292B76FC00D63069 /* UserProfile */ = {
			isa = PBXGroup;
			children = (
				53E2FD26292B773F00D63069 /* UserProfileView.swift */,
				535195E3293CCA2900A44820 /* UserProfileViewModel.swift */,
				D4F4C1B029B39540001289A2 /* BookedTableView.swift */,
				D4BC837929B3C02A0079CC20 /* BookedTableViewModel.swift */,
			);
			path = UserProfile;
			sourceTree = "<group>";
		};
		D40F846029AFBEED00B14911 /* RestaurantDetails */ = {
			isa = PBXGroup;
			children = (
				5391C8312974736D00269A97 /* RestaurantDetailsView.swift */,
				D40F846229AFBF3700B14911 /* RestaurantDetailsViewModel.swift */,
			);
			path = RestaurantDetails;
			sourceTree = "<group>";
		};
		D4ADEC8F29B109E900261C10 /* TablesList */ = {
			isa = PBXGroup;
			children = (
				D4ADEC9029B109FE00261C10 /* TablesView.swift */,
				D4ADEC9229B10FC500261C10 /* TablesViewViewModel.swift */,
			);
			path = TablesList;
			sourceTree = "<group>";
		};
/* End PBXGroup section */

/* Begin PBXNativeTarget section */
		538994812920F89700C370BF /* QuickPlate */ = {
			isa = PBXNativeTarget;
			buildConfigurationList = 538994902920F89800C370BF /* Build configuration list for PBXNativeTarget "QuickPlate" */;
			buildPhases = (
				5389947E2920F89700C370BF /* Sources */,
				5389947F2920F89700C370BF /* Frameworks */,
				538994802920F89700C370BF /* Resources */,
			);
			buildRules = (
			);
			dependencies = (
			);
			name = QuickPlate;
			packageProductDependencies = (
				53A2C3EB293BE3D200CD6FC3 /* FirebaseAnalytics */,
				53A2C3ED293BE3D200CD6FC3 /* FirebaseAnalyticsWithoutAdIdSupport */,
				53A2C3EF293BE3D200CD6FC3 /* FirebaseAuth */,
				53A2C3F1293BE3D200CD6FC3 /* FirebaseAuthCombine-Community */,
				53A2C3F3293BE3D200CD6FC3 /* FirebaseDatabase */,
				53A2C3F5293BE3D200CD6FC3 /* FirebaseDatabaseSwift */,
				53A2C3F7293BE3D200CD6FC3 /* FirebaseFirestore */,
				53A2C3F9293BE3D200CD6FC3 /* FirebaseFirestoreCombine-Community */,
				53A2C3FB293BE3D200CD6FC3 /* FirebaseFirestoreSwift */,
				53A2C3FD293BE3D200CD6FC3 /* FirebaseFunctions */,
				53A2C3FF293BE3D200CD6FC3 /* FirebaseFunctionsCombine-Community */,
				53A2C401293BE3D200CD6FC3 /* FirebaseInstallations */,
				53A2C403293BE3D200CD6FC3 /* FirebaseStorage */,
				53A2C405293BE3D200CD6FC3 /* FirebaseStorageCombine-Community */,
			);
			productName = QuickPlate;
			productReference = 538994822920F89700C370BF /* QuickPlate.app */;
			productType = "com.apple.product-type.application";
		};
/* End PBXNativeTarget section */

/* Begin PBXProject section */
		5389947A2920F89700C370BF /* Project object */ = {
			isa = PBXProject;
			attributes = {
				BuildIndependentTargetsInParallel = 1;
				LastSwiftUpdateCheck = 1400;
				LastUpgradeCheck = 1420;
				TargetAttributes = {
					538994812920F89700C370BF = {
						CreatedOnToolsVersion = 14.0.1;
					};
				};
			};
			buildConfigurationList = 5389947D2920F89700C370BF /* Build configuration list for PBXProject "QuickPlate" */;
			compatibilityVersion = "Xcode 14.0";
			developmentRegion = en;
			hasScannedForEncodings = 0;
			knownRegions = (
				en,
				Base,
				ro,
			);
			mainGroup = 538994792920F89700C370BF;
			packageReferences = (
				53A2C3EA293BE3D200CD6FC3 /* XCRemoteSwiftPackageReference "firebase-ios-sdk" */,
			);
			productRefGroup = 538994832920F89700C370BF /* Products */;
			projectDirPath = "";
			projectRoot = "";
			targets = (
				538994812920F89700C370BF /* QuickPlate */,
			);
		};
/* End PBXProject section */

/* Begin PBXResourcesBuildPhase section */
		538994802920F89700C370BF /* Resources */ = {
			isa = PBXResourcesBuildPhase;
			buildActionMask = 2147483647;
			files = (
				5389948D2920F89800C370BF /* Preview Assets.xcassets in Resources */,
				5387897D2962F2DD00F42F9A /* Localizable.strings in Resources */,
				5389948A2920F89800C370BF /* Assets.xcassets in Resources */,
				53A2C3E9293BE13D00CD6FC3 /* GoogleService-Info.plist in Resources */,
			);
			runOnlyForDeploymentPostprocessing = 0;
		};
/* End PBXResourcesBuildPhase section */

/* Begin PBXSourcesBuildPhase section */
		5389947E2920F89700C370BF /* Sources */ = {
			isa = PBXSourcesBuildPhase;
			buildActionMask = 2147483647;
			files = (
				537A1B19294658E000979FCA /* Restaurant.swift in Sources */,
				5358FDC32972E0BF00F75614 /* LoginManager.swift in Sources */,
				538994882920F89700C370BF /* SignInView.swift in Sources */,
				D40F846529AFC88700B14911 /* NavigationUtil.swift in Sources */,
				533374B62965B11B001850B8 /* MapViewModel.swift in Sources */,
				5358FDC52972EE8800F75614 /* LoginStateView.swift in Sources */,
				538789822963019600F42F9A /* LocalizedStringKey+String.swift in Sources */,
				53E2FD1E292B75A900D63069 /* MapView.swift in Sources */,
				539FDE8A29262B0A0034C036 /* SignUpView.swift in Sources */,
				D4ADEC9529B10FED00261C10 /* Table.swift in Sources */,
				533098AC2927B6EB007C441D /* SignInTextFieldModifier.swift in Sources */,
				537E800D2945F3C700A02B04 /* SignUpViewModel.swift in Sources */,
				D40F846329AFBF3700B14911 /* RestaurantDetailsViewModel.swift in Sources */,
				D40F845E29AFB40F00B14911 /* Food.swift in Sources */,
				535195D0293C9C6600A44820 /* SignInViewModel.swift in Sources */,
				535195D3293CA0DB00A44820 /* FirebaseEmailAuth.swift in Sources */,
				53A5E8DB29461B2000DBFAFE /* FSUserColl.swift in Sources */,
				53A5E8D4294606F400DBFAFE /* MyUser.swift in Sources */,
				5337F1EE292ACCEE00C3A766 /* SecureInputView.swift in Sources */,
				538994862920F89700C370BF /* QuickPlateApp.swift in Sources */,
				5391C8322974736D00269A97 /* RestaurantDetailsView.swift in Sources */,
				53E2FD25292B772400D63069 /* RestaurantsListView.swift in Sources */,
				D46F98F729B65FD600960B1E /* FSTableColl.swift in Sources */,
				5308DF3E29742CE400AB9D4A /* GeoPoint+Extensions.swift in Sources */,
				535195E6293CCCDA00A44820 /* View+Extensions.swift in Sources */,
				D46F98F929B65FE300960B1E /* FSResColl.swift in Sources */,
				53E2FD27292B773F00D63069 /* UserProfileView.swift in Sources */,
				D4F4C1B129B39540001289A2 /* BookedTableView.swift in Sources */,
				53E19D6A2934042C00A79735 /* LocationManager.swift in Sources */,
				538994952920FF3C00C370BF /* SpashScreenView.swift in Sources */,
				5379FB0E296AB87C00A1A870 /* RestaurantsListViewModel.swift in Sources */,
				D45B008329B6738300739976 /* FSFoodsColl.swift in Sources */,
				5308DF3C29742B7000AB9D4A /* CLLocationCoordinate2D+Extension.swift in Sources */,
				53E2FD20292B75C600D63069 /* QPTabView.swift in Sources */,
				535195E4293CCA2900A44820 /* UserProfileViewModel.swift in Sources */,
				5387CFDA29252BD60010344B /* Color+CusomColors.swift in Sources */,
				D4BC837A29B3C02A0079CC20 /* BookedTableViewModel.swift in Sources */,
				D4ADEC9129B109FE00261C10 /* TablesView.swift in Sources */,
				D4ADEC9329B10FC500261C10 /* TablesViewViewModel.swift in Sources */,
				D46F98FB29B661C700960B1E /* FSCollNames.swift in Sources */,
				531CCF6A29698F97005920B4 /* RestaurantCardView.swift in Sources */,
			);
			runOnlyForDeploymentPostprocessing = 0;
		};
/* End PBXSourcesBuildPhase section */

/* Begin PBXVariantGroup section */
		5387897F2962F2DD00F42F9A /* Localizable.strings */ = {
			isa = PBXVariantGroup;
			children = (
				5387897E2962F2DD00F42F9A /* en */,
				538789802962F2E700F42F9A /* ro */,
			);
			name = Localizable.strings;
			sourceTree = "<group>";
		};
/* End PBXVariantGroup section */

/* Begin XCBuildConfiguration section */
		5389948E2920F89800C370BF /* Debug */ = {
			isa = XCBuildConfiguration;
			buildSettings = {
				ALWAYS_SEARCH_USER_PATHS = NO;
				CLANG_ANALYZER_LOCALIZABILITY_NONLOCALIZED = YES;
				CLANG_ANALYZER_NONNULL = YES;
				CLANG_ANALYZER_NUMBER_OBJECT_CONVERSION = YES_AGGRESSIVE;
				CLANG_CXX_LANGUAGE_STANDARD = "gnu++20";
				CLANG_ENABLE_MODULES = YES;
				CLANG_ENABLE_OBJC_ARC = YES;
				CLANG_ENABLE_OBJC_WEAK = YES;
				CLANG_WARN_BLOCK_CAPTURE_AUTORELEASING = YES;
				CLANG_WARN_BOOL_CONVERSION = YES;
				CLANG_WARN_COMMA = YES;
				CLANG_WARN_CONSTANT_CONVERSION = YES;
				CLANG_WARN_DEPRECATED_OBJC_IMPLEMENTATIONS = YES;
				CLANG_WARN_DIRECT_OBJC_ISA_USAGE = YES_ERROR;
				CLANG_WARN_DOCUMENTATION_COMMENTS = YES;
				CLANG_WARN_EMPTY_BODY = YES;
				CLANG_WARN_ENUM_CONVERSION = YES;
				CLANG_WARN_INFINITE_RECURSION = YES;
				CLANG_WARN_INT_CONVERSION = YES;
				CLANG_WARN_NON_LITERAL_NULL_CONVERSION = YES;
				CLANG_WARN_OBJC_IMPLICIT_RETAIN_SELF = YES;
				CLANG_WARN_OBJC_LITERAL_CONVERSION = YES;
				CLANG_WARN_OBJC_ROOT_CLASS = YES_ERROR;
				CLANG_WARN_QUOTED_INCLUDE_IN_FRAMEWORK_HEADER = YES;
				CLANG_WARN_RANGE_LOOP_ANALYSIS = YES;
				CLANG_WARN_STRICT_PROTOTYPES = YES;
				CLANG_WARN_SUSPICIOUS_MOVE = YES;
				CLANG_WARN_UNGUARDED_AVAILABILITY = YES_AGGRESSIVE;
				CLANG_WARN_UNREACHABLE_CODE = YES;
				CLANG_WARN__DUPLICATE_METHOD_MATCH = YES;
				COPY_PHASE_STRIP = NO;
				DEBUG_INFORMATION_FORMAT = dwarf;
				ENABLE_STRICT_OBJC_MSGSEND = YES;
				ENABLE_TESTABILITY = YES;
				GCC_C_LANGUAGE_STANDARD = gnu11;
				GCC_DYNAMIC_NO_PIC = NO;
				GCC_NO_COMMON_BLOCKS = YES;
				GCC_OPTIMIZATION_LEVEL = 0;
				GCC_PREPROCESSOR_DEFINITIONS = (
					"DEBUG=1",
					"$(inherited)",
				);
				GCC_WARN_64_TO_32_BIT_CONVERSION = YES;
				GCC_WARN_ABOUT_RETURN_TYPE = YES_ERROR;
				GCC_WARN_UNDECLARED_SELECTOR = YES;
				GCC_WARN_UNINITIALIZED_AUTOS = YES_AGGRESSIVE;
				GCC_WARN_UNUSED_FUNCTION = YES;
				GCC_WARN_UNUSED_VARIABLE = YES;
				IPHONEOS_DEPLOYMENT_TARGET = 16.0;
				MTL_ENABLE_DEBUG_INFO = INCLUDE_SOURCE;
				MTL_FAST_MATH = YES;
				ONLY_ACTIVE_ARCH = YES;
				SDKROOT = iphoneos;
				SWIFT_ACTIVE_COMPILATION_CONDITIONS = DEBUG;
				SWIFT_OPTIMIZATION_LEVEL = "-Onone";
			};
			name = Debug;
		};
		5389948F2920F89800C370BF /* Release */ = {
			isa = XCBuildConfiguration;
			buildSettings = {
				ALWAYS_SEARCH_USER_PATHS = NO;
				CLANG_ANALYZER_LOCALIZABILITY_NONLOCALIZED = YES;
				CLANG_ANALYZER_NONNULL = YES;
				CLANG_ANALYZER_NUMBER_OBJECT_CONVERSION = YES_AGGRESSIVE;
				CLANG_CXX_LANGUAGE_STANDARD = "gnu++20";
				CLANG_ENABLE_MODULES = YES;
				CLANG_ENABLE_OBJC_ARC = YES;
				CLANG_ENABLE_OBJC_WEAK = YES;
				CLANG_WARN_BLOCK_CAPTURE_AUTORELEASING = YES;
				CLANG_WARN_BOOL_CONVERSION = YES;
				CLANG_WARN_COMMA = YES;
				CLANG_WARN_CONSTANT_CONVERSION = YES;
				CLANG_WARN_DEPRECATED_OBJC_IMPLEMENTATIONS = YES;
				CLANG_WARN_DIRECT_OBJC_ISA_USAGE = YES_ERROR;
				CLANG_WARN_DOCUMENTATION_COMMENTS = YES;
				CLANG_WARN_EMPTY_BODY = YES;
				CLANG_WARN_ENUM_CONVERSION = YES;
				CLANG_WARN_INFINITE_RECURSION = YES;
				CLANG_WARN_INT_CONVERSION = YES;
				CLANG_WARN_NON_LITERAL_NULL_CONVERSION = YES;
				CLANG_WARN_OBJC_IMPLICIT_RETAIN_SELF = YES;
				CLANG_WARN_OBJC_LITERAL_CONVERSION = YES;
				CLANG_WARN_OBJC_ROOT_CLASS = YES_ERROR;
				CLANG_WARN_QUOTED_INCLUDE_IN_FRAMEWORK_HEADER = YES;
				CLANG_WARN_RANGE_LOOP_ANALYSIS = YES;
				CLANG_WARN_STRICT_PROTOTYPES = YES;
				CLANG_WARN_SUSPICIOUS_MOVE = YES;
				CLANG_WARN_UNGUARDED_AVAILABILITY = YES_AGGRESSIVE;
				CLANG_WARN_UNREACHABLE_CODE = YES;
				CLANG_WARN__DUPLICATE_METHOD_MATCH = YES;
				COPY_PHASE_STRIP = NO;
				DEBUG_INFORMATION_FORMAT = "dwarf-with-dsym";
				ENABLE_NS_ASSERTIONS = NO;
				ENABLE_STRICT_OBJC_MSGSEND = YES;
				GCC_C_LANGUAGE_STANDARD = gnu11;
				GCC_NO_COMMON_BLOCKS = YES;
				GCC_WARN_64_TO_32_BIT_CONVERSION = YES;
				GCC_WARN_ABOUT_RETURN_TYPE = YES_ERROR;
				GCC_WARN_UNDECLARED_SELECTOR = YES;
				GCC_WARN_UNINITIALIZED_AUTOS = YES_AGGRESSIVE;
				GCC_WARN_UNUSED_FUNCTION = YES;
				GCC_WARN_UNUSED_VARIABLE = YES;
				IPHONEOS_DEPLOYMENT_TARGET = 16.0;
				MTL_ENABLE_DEBUG_INFO = NO;
				MTL_FAST_MATH = YES;
				SDKROOT = iphoneos;
				SWIFT_COMPILATION_MODE = wholemodule;
				SWIFT_OPTIMIZATION_LEVEL = "-O";
				VALIDATE_PRODUCT = YES;
			};
			name = Release;
		};
		538994912920F89800C370BF /* Debug */ = {
			isa = XCBuildConfiguration;
			buildSettings = {
				ASSETCATALOG_COMPILER_APPICON_NAME = AppIcon;
				ASSETCATALOG_COMPILER_GLOBAL_ACCENT_COLOR_NAME = AccentColor;
				ASSETCATALOG_COMPILER_INCLUDE_ALL_APPICON_ASSETS = YES;
				CODE_SIGN_STYLE = Automatic;
				CURRENT_PROJECT_VERSION = 1;
				DEVELOPMENT_ASSET_PATHS = "\"QuickPlate/Preview Content\"";
				DEVELOPMENT_TEAM = 5UUM37YTC2;
				ENABLE_PREVIEWS = YES;
				GENERATE_INFOPLIST_FILE = YES;
				INFOPLIST_FILE = QuickPlate/Info.plist;
				INFOPLIST_KEY_LSApplicationCategoryType = "public.app-category.food-and-drink";
				INFOPLIST_KEY_NSLocationWhenInUseUsageDescription = "Allow app to access your location?";
				INFOPLIST_KEY_UIApplicationSupportsIndirectInputEvents = YES;
				INFOPLIST_KEY_UILaunchScreen_Generation = YES;
				INFOPLIST_KEY_UISupportedInterfaceOrientations = UIInterfaceOrientationPortrait;
				IPHONEOS_DEPLOYMENT_TARGET = 16.0;
				LD_RUNPATH_SEARCH_PATHS = (
					"$(inherited)",
					"@executable_path/Frameworks",
				);
				MARKETING_VERSION = 1.0;
				PRODUCT_BUNDLE_IDENTIFIER = com.ios.QuickPlate;
				PRODUCT_NAME = "$(TARGET_NAME)";
				SWIFT_EMIT_LOC_STRINGS = YES;
				SWIFT_VERSION = 5.0;
				TARGETED_DEVICE_FAMILY = "1,2";
			};
			name = Debug;
		};
		538994922920F89800C370BF /* Release */ = {
			isa = XCBuildConfiguration;
			buildSettings = {
				ASSETCATALOG_COMPILER_APPICON_NAME = AppIcon;
				ASSETCATALOG_COMPILER_GLOBAL_ACCENT_COLOR_NAME = AccentColor;
				ASSETCATALOG_COMPILER_INCLUDE_ALL_APPICON_ASSETS = YES;
				CODE_SIGN_STYLE = Automatic;
				CURRENT_PROJECT_VERSION = 1;
				DEVELOPMENT_ASSET_PATHS = "\"QuickPlate/Preview Content\"";
				DEVELOPMENT_TEAM = 5UUM37YTC2;
				ENABLE_PREVIEWS = YES;
				GENERATE_INFOPLIST_FILE = YES;
				INFOPLIST_FILE = QuickPlate/Info.plist;
				INFOPLIST_KEY_LSApplicationCategoryType = "public.app-category.food-and-drink";
				INFOPLIST_KEY_NSLocationWhenInUseUsageDescription = "Allow app to access your location?";
				INFOPLIST_KEY_UIApplicationSupportsIndirectInputEvents = YES;
				INFOPLIST_KEY_UILaunchScreen_Generation = YES;
				INFOPLIST_KEY_UISupportedInterfaceOrientations = UIInterfaceOrientationPortrait;
				IPHONEOS_DEPLOYMENT_TARGET = 16.0;
				LD_RUNPATH_SEARCH_PATHS = (
					"$(inherited)",
					"@executable_path/Frameworks",
				);
				MARKETING_VERSION = 1.0;
				PRODUCT_BUNDLE_IDENTIFIER = com.ios.QuickPlate;
				PRODUCT_NAME = "$(TARGET_NAME)";
				SWIFT_EMIT_LOC_STRINGS = YES;
				SWIFT_VERSION = 5.0;
				TARGETED_DEVICE_FAMILY = "1,2";
			};
			name = Release;
		};
/* End XCBuildConfiguration section */

/* Begin XCConfigurationList section */
		5389947D2920F89700C370BF /* Build configuration list for PBXProject "QuickPlate" */ = {
			isa = XCConfigurationList;
			buildConfigurations = (
				5389948E2920F89800C370BF /* Debug */,
				5389948F2920F89800C370BF /* Release */,
			);
			defaultConfigurationIsVisible = 0;
			defaultConfigurationName = Release;
		};
		538994902920F89800C370BF /* Build configuration list for PBXNativeTarget "QuickPlate" */ = {
			isa = XCConfigurationList;
			buildConfigurations = (
				538994912920F89800C370BF /* Debug */,
				538994922920F89800C370BF /* Release */,
			);
			defaultConfigurationIsVisible = 0;
			defaultConfigurationName = Release;
		};
/* End XCConfigurationList section */

/* Begin XCRemoteSwiftPackageReference section */
		53A2C3EA293BE3D200CD6FC3 /* XCRemoteSwiftPackageReference "firebase-ios-sdk" */ = {
			isa = XCRemoteSwiftPackageReference;
			repositoryURL = "https://github.com/firebase/firebase-ios-sdk";
			requirement = {
				kind = upToNextMajorVersion;
				minimumVersion = 9.0.0;
			};
		};
/* End XCRemoteSwiftPackageReference section */

/* Begin XCSwiftPackageProductDependency section */
		53A2C3EB293BE3D200CD6FC3 /* FirebaseAnalytics */ = {
			isa = XCSwiftPackageProductDependency;
			package = 53A2C3EA293BE3D200CD6FC3 /* XCRemoteSwiftPackageReference "firebase-ios-sdk" */;
			productName = FirebaseAnalytics;
		};
		53A2C3ED293BE3D200CD6FC3 /* FirebaseAnalyticsWithoutAdIdSupport */ = {
			isa = XCSwiftPackageProductDependency;
			package = 53A2C3EA293BE3D200CD6FC3 /* XCRemoteSwiftPackageReference "firebase-ios-sdk" */;
			productName = FirebaseAnalyticsWithoutAdIdSupport;
		};
		53A2C3EF293BE3D200CD6FC3 /* FirebaseAuth */ = {
			isa = XCSwiftPackageProductDependency;
			package = 53A2C3EA293BE3D200CD6FC3 /* XCRemoteSwiftPackageReference "firebase-ios-sdk" */;
			productName = FirebaseAuth;
		};
		53A2C3F1293BE3D200CD6FC3 /* FirebaseAuthCombine-Community */ = {
			isa = XCSwiftPackageProductDependency;
			package = 53A2C3EA293BE3D200CD6FC3 /* XCRemoteSwiftPackageReference "firebase-ios-sdk" */;
			productName = "FirebaseAuthCombine-Community";
		};
		53A2C3F3293BE3D200CD6FC3 /* FirebaseDatabase */ = {
			isa = XCSwiftPackageProductDependency;
			package = 53A2C3EA293BE3D200CD6FC3 /* XCRemoteSwiftPackageReference "firebase-ios-sdk" */;
			productName = FirebaseDatabase;
		};
		53A2C3F5293BE3D200CD6FC3 /* FirebaseDatabaseSwift */ = {
			isa = XCSwiftPackageProductDependency;
			package = 53A2C3EA293BE3D200CD6FC3 /* XCRemoteSwiftPackageReference "firebase-ios-sdk" */;
			productName = FirebaseDatabaseSwift;
		};
		53A2C3F7293BE3D200CD6FC3 /* FirebaseFirestore */ = {
			isa = XCSwiftPackageProductDependency;
			package = 53A2C3EA293BE3D200CD6FC3 /* XCRemoteSwiftPackageReference "firebase-ios-sdk" */;
			productName = FirebaseFirestore;
		};
		53A2C3F9293BE3D200CD6FC3 /* FirebaseFirestoreCombine-Community */ = {
			isa = XCSwiftPackageProductDependency;
			package = 53A2C3EA293BE3D200CD6FC3 /* XCRemoteSwiftPackageReference "firebase-ios-sdk" */;
			productName = "FirebaseFirestoreCombine-Community";
		};
		53A2C3FB293BE3D200CD6FC3 /* FirebaseFirestoreSwift */ = {
			isa = XCSwiftPackageProductDependency;
			package = 53A2C3EA293BE3D200CD6FC3 /* XCRemoteSwiftPackageReference "firebase-ios-sdk" */;
			productName = FirebaseFirestoreSwift;
		};
		53A2C3FD293BE3D200CD6FC3 /* FirebaseFunctions */ = {
			isa = XCSwiftPackageProductDependency;
			package = 53A2C3EA293BE3D200CD6FC3 /* XCRemoteSwiftPackageReference "firebase-ios-sdk" */;
			productName = FirebaseFunctions;
		};
		53A2C3FF293BE3D200CD6FC3 /* FirebaseFunctionsCombine-Community */ = {
			isa = XCSwiftPackageProductDependency;
			package = 53A2C3EA293BE3D200CD6FC3 /* XCRemoteSwiftPackageReference "firebase-ios-sdk" */;
			productName = "FirebaseFunctionsCombine-Community";
		};
		53A2C401293BE3D200CD6FC3 /* FirebaseInstallations */ = {
			isa = XCSwiftPackageProductDependency;
			package = 53A2C3EA293BE3D200CD6FC3 /* XCRemoteSwiftPackageReference "firebase-ios-sdk" */;
			productName = FirebaseInstallations;
		};
		53A2C403293BE3D200CD6FC3 /* FirebaseStorage */ = {
			isa = XCSwiftPackageProductDependency;
			package = 53A2C3EA293BE3D200CD6FC3 /* XCRemoteSwiftPackageReference "firebase-ios-sdk" */;
			productName = FirebaseStorage;
		};
		53A2C405293BE3D200CD6FC3 /* FirebaseStorageCombine-Community */ = {
			isa = XCSwiftPackageProductDependency;
			package = 53A2C3EA293BE3D200CD6FC3 /* XCRemoteSwiftPackageReference "firebase-ios-sdk" */;
			productName = "FirebaseStorageCombine-Community";
		};
/* End XCSwiftPackageProductDependency section */
	};
	rootObject = 5389947A2920F89700C370BF /* Project object */;
}
